
Microsoft Visual Studio Solution File, Format Version 12.00
# Visual Studio Version 17
VisualStudioVersion = 17.11.35222.181
MinimumVisualStudioVersion = 10.0.40219.1
Project("{FAE04EC0-301F-11D3-BF4B-00C04F79EFBC}") = "RazorPagesMovie", "RazorPagesMovie\RazorPagesMovie.csproj", "{DB25CAF3-FC1A-40CD-AC61-F5B7FCBB2FEB}"
EndProject
Global
	GlobalSection(SolutionConfigurationPlatforms) = preSolution
		Debug|Any CPU = Debug|Any CPU
		Release|Any CPU = Release|Any CPU
	EndGlobalSection
	GlobalSection(ProjectConfigurationPlatforms) = postSolution
		{DB25CAF3-FC1A-40CD-AC61-F5B7FCBB2FEB}.Debug|Any CPU.ActiveCfg = Debug|Any CPU
		{DB25CAF3-FC1A-40CD-AC61-F5B7FCBB2FEB}.Debug|Any CPU.Build.0 = Debug|Any CPU
		{DB25CAF3-FC1A-40CD-AC61-F5B7FCBB2FEB}.Release|Any CPU.ActiveCfg = Release|Any CPU
		{DB25CAF3-FC1A-40CD-AC61-F5B7FCBB2FEB}.Release|Any CPU.Build.0 = Release|Any CPU
	EndGlobalSection
	GlobalSection(SolutionProperties) = preSolution
		HideSolutionNode = FALSE
	EndGlobalSection
	GlobalSection(ExtensibilityGlobals) = postSolution
		SolutionGuid = {4B457034-0348-40E9-8AC3-719E1FD2B421}
	EndGlobalSection
EndGlobal
